{
  "requires": true,
  "lockfileVersion": 1,
  "dependencies": {
    "amqp": {
      "version": "0.2.7",
      "resolved": "https://registry.npmjs.org/amqp/-/amqp-0.2.7.tgz",
      "integrity": "sha512-AtXW9QEhSf2diJHn4Fmeo9Zdb1LMyEer6dUCOxzjEb7Fxh3CBgad3nmB8LTXDYsDRbdRfHruGCFYG7T+4qilww==",
      "requires": {
        "lodash": "^4.0.0"
      }
    },
    "lodash": {
      "version": "4.17.21",
      "resolved": "https://registry.npmjs.org/lodash/-/lodash-4.17.21.tgz",
      "integrity": "sha512-v2kDEe57lecTulaDIuNTPy3Ry4gLGJ6Z1O3vE1krgXZNrsQ+LFTGHVxVjcXPs17LhbZVGedAJv8XZ1tvj5FvSg=="
    }
  }
}
